// !$*UTF8*$!
{
	archiveVersion = 1;
	classes = {
	};
	objectVersion = 77;
	objects = {

/* Begin PBXBuildFile section */
		0E8B5A39CC95ED426CACBCC4 /* ItemRowView.swift in Sources */ = {isa = PBXBuildFile; fileRef = 94175AF476086CA92FD0AFF0 /* ItemRowView.swift */; };
		0EE0040DE4363B0550809F99 /* FileScanner.swift in Sources */ = {isa = PBXBuildFile; fileRef = 138AC2A36890C0D54C73DFE3 /* FileScanner.swift */; };
		23D57786CDF654BA8CC8CDBD /* LLMService.swift in Sources */ = {isa = PBXBuildFile; fileRef = 1FAF27187C043B4FD3C9EEE2 /* LLMService.swift */; };
		6119CFADE6854A9EA0FD8DA7 /* AppleIntelligenceService.swift in Sources */ = {isa = PBXBuildFile; fileRef = 6B8B6CD654684BA68C83F2AD /* AppleIntelligenceService.swift */; };
		AA11B011C011D011E011F099 /* AppStateLogic.swift in Sources */ = {isa = PBXBuildFile; fileRef = BB22A022B022C022D022E088 /* AppStateLogic.swift */; };
		2843008E6E334D1B89249268 /* FilterEngine.swift in Sources */ = {isa = PBXBuildFile; fileRef = DA01D9EAC2BC3C7BCE23AA11 /* FilterEngine.swift */; };
		35FC505CFB01ABF7988FFBE7 /* ContentView.swift in Sources */ = {isa = PBXBuildFile; fileRef = 4D64EA52A4DCB2A9BEBD0EFB /* ContentView.swift */; };
		371C283C9DDF49FB09357780 /* ViewManager.swift in Sources */ = {isa = PBXBuildFile; fileRef = 7569AB676721CE355FB7DFFA /* ViewManager.swift */; };
		4B6B0A407BF82312A7E37934 /* FlowLayout.swift in Sources */ = {isa = PBXBuildFile; fileRef = EE5569332D2CFE68404B4106 /* FlowLayout.swift */; };
		5567DB104A3FBE0FC565A0B0 /* SearchEngine.swift in Sources */ = {isa = PBXBuildFile; fileRef = 46D6D94061325CF1B939E286 /* SearchEngine.swift */; };
		6515008C2767CC1B95D988C5 /* FileSystemManager.swift in Sources */ = {isa = PBXBuildFile; fileRef = 173C171118937FC122082954 /* FileSystemManager.swift */; };
		68B24A985CE906D46AFF565E /* YAMLParser.swift in Sources */ = {isa = PBXBuildFile; fileRef = 77DFEFB07011F2A98AAF8924 /* YAMLParser.swift */; };
		6B11344F06775C7CCE05C34A /* WebContentFetcher.swift in Sources */ = {isa = PBXBuildFile; fileRef = 94E4121FF209805389C99FF0 /* WebContentFetcher.swift */; };
		DD33EE44FF55CC66BB77AA22 /* URLSession+LinuxAsync.swift in Sources */ = {isa = PBXBuildFile; fileRef = EE22FF55DD66BB77CC88AA99 /* URLSession+LinuxAsync.swift */; };
		77B277CBACF9C6E2EB8BC950 /* PropertyValue.swift in Sources */ = {isa = PBXBuildFile; fileRef = EC6379FC2ABB5382BAC2211B /* PropertyValue.swift */; };
		78DF379772470C8E60BB6E5E /* PromptBuilder.swift in Sources */ = {isa = PBXBuildFile; fileRef = 85A84474E907996DE82622CA /* PromptBuilder.swift */; };
		808BA861A11C54867C8B4C0E /* LLMSettings.swift in Sources */ = {isa = PBXBuildFile; fileRef = 758E6F984249740C47FDC9CC /* LLMSettings.swift */; };
		827B02A375EC2FF9C1A1B533 /* TagHierarchy.swift in Sources */ = {isa = PBXBuildFile; fileRef = 926ECAC1EABA626C9BDC6520 /* TagHierarchy.swift */; };
		836341284186D95A587A04AA /* SettingsView.swift in Sources */ = {isa = PBXBuildFile; fileRef = 9C6090889E5BD439B99D1145 /* SettingsView.swift */; };
		839A75AEBC4C728B05D0C912 /* FileSystemManager.swift in Sources */ = {isa = PBXBuildFile; fileRef = 2F03BAA307C6CA3791752845 /* FileSystemManager.swift */; };
		89AEB55A990C4F7BA8D08555 /* Core.swift in Sources */ = {isa = PBXBuildFile; fileRef = CA43CB3790ED75C37ADBDFA5 /* Core.swift */; };
		8B3C4B6EDB5A27DEFD3CD19C /* LLMSettingsView.swift in Sources */ = {isa = PBXBuildFile; fileRef = A16F4CC67D5A90B19BA77438 /* LLMSettingsView.swift */; };
		8C2776BE3B5C433CFB172EF9 /* MockData.swift in Sources */ = {isa = PBXBuildFile; fileRef = CB0CFB041A5A8834B0E18FCD /* MockData.swift */; };
		93B561ECC5D9A551F01BB7C9 /* NoteResponseParser.swift in Sources */ = {isa = PBXBuildFile; fileRef = 18DD8CCF6744766E8B0F32A1 /* NoteResponseParser.swift */; };
		7F8A5914543C465489DA1742 /* NoteEdit.swift in Sources */ = {isa = PBXBuildFile; fileRef = CF72225D23F24288998B8630 /* NoteEdit.swift */; };
		98D1C9BE60144E02CAB2B1ED /* TagChipView.swift in Sources */ = {isa = PBXBuildFile; fileRef = D73B588D73B17309CFBC520C /* TagChipView.swift */; };
		A5BB98C1ACE3BCA98603F924 /* ListAppCLI.swift in Sources */ = {isa = PBXBuildFile; fileRef = 4032D9FE03D424B483DCDBFC /* ListAppCLI.swift */; };
		A5EC2C2A7A932BB2C18FFDF0 /* Item.swift in Sources */ = {isa = PBXBuildFile; fileRef = 4207785BC931F679C5B0A49D /* Item.swift */; };
		AD3F84894508DC5042E8F332 /* Core.framework in Frameworks */ = {isa = PBXBuildFile; fileRef = 26722153A1EE1CEC3628BD83 /* Core.framework */; };
		AF3AC56725BCE48A7FF84094 /* AppState.swift in Sources */ = {isa = PBXBuildFile; fileRef = 94FD86F2DFEE5B04B2DEC947 /* AppState.swift */; };
		B01B181C0A0A60AEC46976F5 /* View.swift in Sources */ = {isa = PBXBuildFile; fileRef = 12767BBCE418EF54AEFDCB6E /* View.swift */; };
		BA8FD154C22FA3410E6A1CA5 /* ListAppApp.swift in Sources */ = {isa = PBXBuildFile; fileRef = B33CAD533C94A0E09061017B /* ListAppApp.swift */; };
		BCA8E44FC0A3F0E1C8A552E5 /* ListTypeDetailView.swift in Sources */ = {isa = PBXBuildFile; fileRef = E8AE727A7993E82D1D7D7F89 /* ListTypeDetailView.swift */; };
		C392F6A19A7A7BFD8922DB5D /* ItemListView.swift in Sources */ = {isa = PBXBuildFile; fileRef = 86DDB9DC68CB58B639242F91 /* ItemListView.swift */; };
		D7E9FCD684C0AC7820AD8D7A /* MarkdownParser.swift in Sources */ = {isa = PBXBuildFile; fileRef = 8538CAF531748EA646484D9A /* MarkdownParser.swift */; };
		D8581AF4CC3B2828525E44BB /* ItemDetailView.swift in Sources */ = {isa = PBXBuildFile; fileRef = 14799CC08A598F22E5E188E7 /* ItemDetailView.swift */; };
		DA49585D50E5D3BA42E6D74C /* Core.framework in Embed Frameworks */ = {isa = PBXBuildFile; fileRef = 26722153A1EE1CEC3628BD83 /* Core.framework */; settings = {ATTRIBUTES = (CodeSignOnCopy, RemoveHeadersOnCopy, ); }; };
		E3A501279DBF216F1B8C690F /* RelativeDateParser.swift in Sources */ = {isa = PBXBuildFile; fileRef = D91FC7B866049A9B142681E7 /* RelativeDateParser.swift */; };
		F11C81EAB1754AE3D369F5AD /* ListType.swift in Sources */ = {isa = PBXBuildFile; fileRef = 7A15E08B8474900A5995A64F /* ListType.swift */; };
		F88D77A17B05430FF89C772F /* AddSavedViewSheet.swift in Sources */ = {isa = PBXBuildFile; fileRef = A76AB45A9DA3B25D8602FBB1 /* AddSavedViewSheet.swift */; };
		FB378AF6414D0F7FAECE7DAD /* PrivacyInfo.xcprivacy in Resources */ = {isa = PBXBuildFile; fileRef = 37D48ECD8E9523FE66FB9C7F /* PrivacyInfo.xcprivacy */; };
		FEA02974CA822281B5FFF09B /* Assets.xcassets in Resources */ = {isa = PBXBuildFile; fileRef = 9F6BD350797F8512171DCE11 /* Assets.xcassets */; };
		CAFE0000000000000000B001 /* NoteRef.swift in Sources */ = {isa = PBXBuildFile; fileRef = CAFE0000000000000000F001 /* NoteRef.swift */; };
		CAFE0000000000000000B002 /* ChatMessage.swift in Sources */ = {isa = PBXBuildFile; fileRef = CAFE0000000000000000F002 /* ChatMessage.swift */; };
		CAFE0000000000000000B003 /* LLMProvider.swift in Sources */ = {isa = PBXBuildFile; fileRef = CAFE0000000000000000F003 /* LLMProvider.swift */; };
		CAFE0000000000000000B004 /* OpenAIProvider.swift in Sources */ = {isa = PBXBuildFile; fileRef = CAFE0000000000000000F004 /* OpenAIProvider.swift */; };
		CAFE0000000000000000B005 /* AppleIntelligenceProvider.swift in Sources */ = {isa = PBXBuildFile; fileRef = CAFE0000000000000000F005 /* AppleIntelligenceProvider.swift */; };
		CAFE0000000000000000B006 /* Chunker.swift in Sources */ = {isa = PBXBuildFile; fileRef = CAFE0000000000000000F006 /* Chunker.swift */; };
		CAFE0000000000000000B007 /* EmbeddingService.swift in Sources */ = {isa = PBXBuildFile; fileRef = CAFE0000000000000000F007 /* EmbeddingService.swift */; };
		CAFE0000000000000000B008 /* NoteIndex.swift in Sources */ = {isa = PBXBuildFile; fileRef = CAFE0000000000000000F008 /* NoteIndex.swift */; };
		CAFE0000000000000000B009 /* NoteIndexer.swift in Sources */ = {isa = PBXBuildFile; fileRef = CAFE0000000000000000F009 /* NoteIndexer.swift */; };
		CAFE0000000000000000B00A /* ChatAgent.swift in Sources */ = {isa = PBXBuildFile; fileRef = CAFE0000000000000000F00A /* ChatAgent.swift */; };
		CAFE0000000000000000B00B /* ChatTools.swift in Sources */ = {isa = PBXBuildFile; fileRef = CAFE0000000000000000F00B /* ChatTools.swift */; };
		CAFE0000000000000000B00C /* ChatToolRunner.swift in Sources */ = {isa = PBXBuildFile; fileRef = CAFE0000000000000000F00C /* ChatToolRunner.swift */; };
		CAFE0000000000000000B00D /* ChatPromptBuilder.swift in Sources */ = {isa = PBXBuildFile; fileRef = CAFE0000000000000000F00D /* ChatPromptBuilder.swift */; };
		CAFE0000000000000000B00E /* ChatView.swift in Sources */ = {isa = PBXBuildFile; fileRef = CAFE0000000000000000F00E /* ChatView.swift */; };
		CAFE0000000000000000B00F /* ChatMessageRow.swift in Sources */ = {isa = PBXBuildFile; fileRef = CAFE0000000000000000F00F /* ChatMessageRow.swift */; };
		CAFE0000000000000000B010 /* ChatViewModel.swift in Sources */ = {isa = PBXBuildFile; fileRef = CAFE0000000000000000F010 /* ChatViewModel.swift */; };
		CAFE0000000000000000B011 /* CitationChip.swift in Sources */ = {isa = PBXBuildFile; fileRef = CAFE0000000000000000F011 /* CitationChip.swift */; };
		CAFE0000000000000000B012 /* NotesBrowserView.swift in Sources */ = {isa = PBXBuildFile; fileRef = CAFE0000000000000000F012 /* NotesBrowserView.swift */; };
		CAFE0000000000000000B013 /* AppNoteCreator.swift in Sources */ = {isa = PBXBuildFile; fileRef = CAFE0000000000000000F013 /* AppNoteCreator.swift */; };
		CAFE0000000000000000B014 /* AttachmentProcessor.swift in Sources */ = {isa = PBXBuildFile; fileRef = CAFE0000000000000000F014 /* AttachmentProcessor.swift */; };
/* End PBXBuildFile section */

/* Begin PBXContainerItemProxy section */
		EDCF1072AA9568A2FD77A4C2 /* PBXContainerItemProxy */ = {
			isa = PBXContainerItemProxy;
			containerPortal = 0996159BE300823BF4730A1D /* Project object */;
			proxyType = 1;
			remoteGlobalIDString = 168EA85B830D619984958749;
			remoteInfo = Core;
		};
/* End PBXContainerItemProxy section */

/* Begin PBXCopyFilesBuildPhase section */
		E92EF7369BDAE93829D17420 /* Embed Frameworks */ = {
			isa = PBXCopyFilesBuildPhase;
			buildActionMask = 2147483647;
			dstPath = "";
			dstSubfolderSpec = 10;
			files = (
				DA49585D50E5D3BA42E6D74C /* Core.framework in Embed Frameworks */,
			);
			name = "Embed Frameworks";
			runOnlyForDeploymentPostprocessing = 0;
		};
/* End PBXCopyFilesBuildPhase section */

/* Begin PBXFileReference section */
		12767BBCE418EF54AEFDCB6E /* View.swift */ = {isa = PBXFileReference; lastKnownFileType = sourcecode.swift; path = View.swift; sourceTree = "<group>"; };
		138AC2A36890C0D54C73DFE3 /* FileScanner.swift */ = {isa = PBXFileReference; lastKnownFileType = sourcecode.swift; path = FileScanner.swift; sourceTree = "<group>"; };
		14799CC08A598F22E5E188E7 /* ItemDetailView.swift */ = {isa = PBXFileReference; lastKnownFileType = sourcecode.swift; path = ItemDetailView.swift; sourceTree = "<group>"; };
		173C171118937FC122082954 /* FileSystemManager.swift */ = {isa = PBXFileReference; lastKnownFileType = sourcecode.swift; path = FileSystemManager.swift; sourceTree = "<group>"; };
		18DD8CCF6744766E8B0F32A1 /* NoteResponseParser.swift */ = {isa = PBXFileReference; lastKnownFileType = sourcecode.swift; path = NoteResponseParser.swift; sourceTree = "<group>"; };
		CF72225D23F24288998B8630 /* NoteEdit.swift */ = {isa = PBXFileReference; lastKnownFileType = sourcecode.swift; path = NoteEdit.swift; sourceTree = "<group>"; };
		1FAF27187C043B4FD3C9EEE2 /* LLMService.swift */ = {isa = PBXFileReference; lastKnownFileType = sourcecode.swift; path = LLMService.swift; sourceTree = "<group>"; };
		6B8B6CD654684BA68C83F2AD /* AppleIntelligenceService.swift */ = {isa = PBXFileReference; lastKnownFileType = sourcecode.swift; path = AppleIntelligenceService.swift; sourceTree = "<group>"; };
		26722153A1EE1CEC3628BD83 /* Core.framework */ = {isa = PBXFileReference; explicitFileType = wrapper.framework; includeInIndex = 0; path = Core.framework; sourceTree = BUILT_PRODUCTS_DIR; };
		2F03BAA307C6CA3791752845 /* FileSystemManager.swift */ = {isa = PBXFileReference; lastKnownFileType = sourcecode.swift; path = FileSystemManager.swift; sourceTree = "<group>"; };
		37D48ECD8E9523FE66FB9C7F /* PrivacyInfo.xcprivacy */ = {isa = PBXFileReference; lastKnownFileType = text.xml; path = PrivacyInfo.xcprivacy; sourceTree = "<group>"; };
		4032D9FE03D424B483DCDBFC /* ListAppCLI.swift */ = {isa = PBXFileReference; lastKnownFileType = sourcecode.swift; path = ListAppCLI.swift; sourceTree = "<group>"; };
		4207785BC931F679C5B0A49D /* Item.swift */ = {isa = PBXFileReference; lastKnownFileType = sourcecode.swift; path = Item.swift; sourceTree = "<group>"; };
		46D6D94061325CF1B939E286 /* SearchEngine.swift */ = {isa = PBXFileReference; lastKnownFileType = sourcecode.swift; path = SearchEngine.swift; sourceTree = "<group>"; };
		4D64EA52A4DCB2A9BEBD0EFB /* ContentView.swift */ = {isa = PBXFileReference; lastKnownFileType = sourcecode.swift; path = ContentView.swift; sourceTree = "<group>"; };
		4F657F9AA6B823FEF528A0D5 /* ListApp.entitlements */ = {isa = PBXFileReference; lastKnownFileType = text.plist.entitlements; path = ListApp.entitlements; sourceTree = "<group>"; };
		5D032F11B032D1244BA1FD6B /* Lijster.app */ = {isa = PBXFileReference; explicitFileType = wrapper.application; includeInIndex = 0; path = Lijster.app; sourceTree = BUILT_PRODUCTS_DIR; };
		7569AB676721CE355FB7DFFA /* ViewManager.swift */ = {isa = PBXFileReference; lastKnownFileType = sourcecode.swift; path = ViewManager.swift; sourceTree = "<group>"; };
		758E6F984249740C47FDC9CC /* LLMSettings.swift */ = {isa = PBXFileReference; lastKnownFileType = sourcecode.swift; path = LLMSettings.swift; sourceTree = "<group>"; };
		77DFEFB07011F2A98AAF8924 /* YAMLParser.swift */ = {isa = PBXFileReference; lastKnownFileType = sourcecode.swift; path = YAMLParser.swift; sourceTree = "<group>"; };
		7A15E08B8474900A5995A64F /* ListType.swift */ = {isa = PBXFileReference; lastKnownFileType = sourcecode.swift; path = ListType.swift; sourceTree = "<group>"; };
		8538CAF531748EA646484D9A /* MarkdownParser.swift */ = {isa = PBXFileReference; lastKnownFileType = sourcecode.swift; path = MarkdownParser.swift; sourceTree = "<group>"; };
		85A84474E907996DE82622CA /* PromptBuilder.swift */ = {isa = PBXFileReference; lastKnownFileType = sourcecode.swift; path = PromptBuilder.swift; sourceTree = "<group>"; };
		BB22A022B022C022D022E088 /* AppStateLogic.swift */ = {isa = PBXFileReference; lastKnownFileType = sourcecode.swift; path = AppStateLogic.swift; sourceTree = "<group>"; };
		86DDB9DC68CB58B639242F91 /* ItemListView.swift */ = {isa = PBXFileReference; lastKnownFileType = sourcecode.swift; path = ItemListView.swift; sourceTree = "<group>"; };
		926ECAC1EABA626C9BDC6520 /* TagHierarchy.swift */ = {isa = PBXFileReference; lastKnownFileType = sourcecode.swift; path = TagHierarchy.swift; sourceTree = "<group>"; };
		94175AF476086CA92FD0AFF0 /* ItemRowView.swift */ = {isa = PBXFileReference; lastKnownFileType = sourcecode.swift; path = ItemRowView.swift; sourceTree = "<group>"; };
		94E4121FF209805389C99FF0 /* WebContentFetcher.swift */ = {isa = PBXFileReference; lastKnownFileType = sourcecode.swift; path = WebContentFetcher.swift; sourceTree = "<group>"; };
		EE22FF55DD66BB77CC88AA99 /* URLSession+LinuxAsync.swift */ = {isa = PBXFileReference; lastKnownFileType = sourcecode.swift; path = "URLSession+LinuxAsync.swift"; sourceTree = "<group>"; };
		94FD86F2DFEE5B04B2DEC947 /* AppState.swift */ = {isa = PBXFileReference; lastKnownFileType = sourcecode.swift; path = AppState.swift; sourceTree = "<group>"; };
		9C6090889E5BD439B99D1145 /* SettingsView.swift */ = {isa = PBXFileReference; lastKnownFileType = sourcecode.swift; path = SettingsView.swift; sourceTree = "<group>"; };
		9F6BD350797F8512171DCE11 /* Assets.xcassets */ = {isa = PBXFileReference; lastKnownFileType = folder.assetcatalog; path = Assets.xcassets; sourceTree = "<group>"; };
		A16F4CC67D5A90B19BA77438 /* LLMSettingsView.swift */ = {isa = PBXFileReference; lastKnownFileType = sourcecode.swift; path = LLMSettingsView.swift; sourceTree = "<group>"; };
		A76AB45A9DA3B25D8602FBB1 /* AddSavedViewSheet.swift */ = {isa = PBXFileReference; lastKnownFileType = sourcecode.swift; path = AddSavedViewSheet.swift; sourceTree = "<group>"; };
		B33CAD533C94A0E09061017B /* ListAppApp.swift */ = {isa = PBXFileReference; lastKnownFileType = sourcecode.swift; path = ListAppApp.swift; sourceTree = "<group>"; };
		CA43CB3790ED75C37ADBDFA5 /* Core.swift */ = {isa = PBXFileReference; lastKnownFileType = sourcecode.swift; path = Core.swift; sourceTree = "<group>"; };
		CB0CFB041A5A8834B0E18FCD /* MockData.swift */ = {isa = PBXFileReference; lastKnownFileType = sourcecode.swift; path = MockData.swift; sourceTree = "<group>"; };
		D73B588D73B17309CFBC520C /* TagChipView.swift */ = {isa = PBXFileReference; lastKnownFileType = sourcecode.swift; path = TagChipView.swift; sourceTree = "<group>"; };
		D91FC7B866049A9B142681E7 /* RelativeDateParser.swift */ = {isa = PBXFileReference; lastKnownFileType = sourcecode.swift; path = RelativeDateParser.swift; sourceTree = "<group>"; };
		DA01D9EAC2BC3C7BCE23AA11 /* FilterEngine.swift */ = {isa = PBXFileReference; lastKnownFileType = sourcecode.swift; path = FilterEngine.swift; sourceTree = "<group>"; };
		E8AE727A7993E82D1D7D7F89 /* ListTypeDetailView.swift */ = {isa = PBXFileReference; lastKnownFileType = sourcecode.swift; path = ListTypeDetailView.swift; sourceTree = "<group>"; };
		EC6379FC2ABB5382BAC2211B /* PropertyValue.swift */ = {isa = PBXFileReference; lastKnownFileType = sourcecode.swift; path = PropertyValue.swift; sourceTree = "<group>"; };
		EE5569332D2CFE68404B4106 /* FlowLayout.swift */ = {isa = PBXFileReference; lastKnownFileType = sourcecode.swift; path = FlowLayout.swift; sourceTree = "<group>"; };
		CAFE0000000000000000F001 /* NoteRef.swift */ = {isa = PBXFileReference; lastKnownFileType = sourcecode.swift; path = NoteRef.swift; sourceTree = "<group>"; };
		CAFE0000000000000000F002 /* ChatMessage.swift */ = {isa = PBXFileReference; lastKnownFileType = sourcecode.swift; path = ChatMessage.swift; sourceTree = "<group>"; };
		CAFE0000000000000000F003 /* LLMProvider.swift */ = {isa = PBXFileReference; lastKnownFileType = sourcecode.swift; path = LLMProvider.swift; sourceTree = "<group>"; };
		CAFE0000000000000000F004 /* OpenAIProvider.swift */ = {isa = PBXFileReference; lastKnownFileType = sourcecode.swift; path = OpenAIProvider.swift; sourceTree = "<group>"; };
		CAFE0000000000000000F005 /* AppleIntelligenceProvider.swift */ = {isa = PBXFileReference; lastKnownFileType = sourcecode.swift; path = AppleIntelligenceProvider.swift; sourceTree = "<group>"; };
		CAFE0000000000000000F006 /* Chunker.swift */ = {isa = PBXFileReference; lastKnownFileType = sourcecode.swift; path = Chunker.swift; sourceTree = "<group>"; };
		CAFE0000000000000000F007 /* EmbeddingService.swift */ = {isa = PBXFileReference; lastKnownFileType = sourcecode.swift; path = EmbeddingService.swift; sourceTree = "<group>"; };
		CAFE0000000000000000F008 /* NoteIndex.swift */ = {isa = PBXFileReference; lastKnownFileType = sourcecode.swift; path = NoteIndex.swift; sourceTree = "<group>"; };
		CAFE0000000000000000F009 /* NoteIndexer.swift */ = {isa = PBXFileReference; lastKnownFileType = sourcecode.swift; path = NoteIndexer.swift; sourceTree = "<group>"; };
		CAFE0000000000000000F00A /* ChatAgent.swift */ = {isa = PBXFileReference; lastKnownFileType = sourcecode.swift; path = ChatAgent.swift; sourceTree = "<group>"; };
		CAFE0000000000000000F00B /* ChatTools.swift */ = {isa = PBXFileReference; lastKnownFileType = sourcecode.swift; path = ChatTools.swift; sourceTree = "<group>"; };
		CAFE0000000000000000F00C /* ChatToolRunner.swift */ = {isa = PBXFileReference; lastKnownFileType = sourcecode.swift; path = ChatToolRunner.swift; sourceTree = "<group>"; };
		CAFE0000000000000000F00D /* ChatPromptBuilder.swift */ = {isa = PBXFileReference; lastKnownFileType = sourcecode.swift; path = ChatPromptBuilder.swift; sourceTree = "<group>"; };
		CAFE0000000000000000F00E /* ChatView.swift */ = {isa = PBXFileReference; lastKnownFileType = sourcecode.swift; path = ChatView.swift; sourceTree = "<group>"; };
		CAFE0000000000000000F00F /* ChatMessageRow.swift */ = {isa = PBXFileReference; lastKnownFileType = sourcecode.swift; path = ChatMessageRow.swift; sourceTree = "<group>"; };
		CAFE0000000000000000F010 /* ChatViewModel.swift */ = {isa = PBXFileReference; lastKnownFileType = sourcecode.swift; path = ChatViewModel.swift; sourceTree = "<group>"; };
		CAFE0000000000000000F011 /* CitationChip.swift */ = {isa = PBXFileReference; lastKnownFileType = sourcecode.swift; path = CitationChip.swift; sourceTree = "<group>"; };
		CAFE0000000000000000F012 /* NotesBrowserView.swift */ = {isa = PBXFileReference; lastKnownFileType = sourcecode.swift; path = NotesBrowserView.swift; sourceTree = "<group>"; };
		CAFE0000000000000000F013 /* AppNoteCreator.swift */ = {isa = PBXFileReference; lastKnownFileType = sourcecode.swift; path = AppNoteCreator.swift; sourceTree = "<group>"; };
		CAFE0000000000000000F014 /* AttachmentProcessor.swift */ = {isa = PBXFileReference; lastKnownFileType = sourcecode.swift; path = AttachmentProcessor.swift; sourceTree = "<group>"; };
/* End PBXFileReference section */

/* Begin PBXFrameworksBuildPhase section */
		0BB9FD0C55DDE8BF869E99F2 /* Frameworks */ = {
			isa = PBXFrameworksBuildPhase;
			buildActionMask = 2147483647;
			files = (
				AD3F84894508DC5042E8F332 /* Core.framework in Frameworks */,
			);
			runOnlyForDeploymentPostprocessing = 0;
		};
/* End PBXFrameworksBuildPhase section */

/* Begin PBXGroup section */
		06F990AB32147CF648ECAC51 /* CLI */ = {
			isa = PBXGroup;
			children = (
				4032D9FE03D424B483DCDBFC /* ListAppCLI.swift */,
			);
			path = CLI;
			sourceTree = "<group>";
		};
		08EB83D285ABABA5F23553E1 /* Services */ = {
			isa = PBXGroup;
			children = (
				6B8B6CD654684BA68C83F2AD /* AppleIntelligenceService.swift */,
				CAFE0000000000000000F005 /* AppleIntelligenceProvider.swift */,
				1FAF27187C043B4FD3C9EEE2 /* LLMService.swift */,
				CAFE0000000000000000F003 /* LLMProvider.swift */,
				18DD8CCF6744766E8B0F32A1 /* NoteResponseParser.swift */,
				CAFE0000000000000000F004 /* OpenAIProvider.swift */,
				85A84474E907996DE82622CA /* PromptBuilder.swift */,
				94E4121FF209805389C99FF0 /* WebContentFetcher.swift */,
				EE22FF55DD66BB77CC88AA99 /* URLSession+LinuxAsync.swift */,
			);
			path = Services;
			sourceTree = "<group>";
		};
		0B7B8D79729BFA3F9B6380C7 /* Products */ = {
			isa = PBXGroup;
			children = (
				26722153A1EE1CEC3628BD83 /* Core.framework */,
				5D032F11B032D1244BA1FD6B /* Lijster.app */,
			);
			name = Products;
			sourceTree = "<group>";
		};
		355ED5C15E8B7718E0E7FCEB /* Components */ = {
			isa = PBXGroup;
			children = (
				EE5569332D2CFE68404B4106 /* FlowLayout.swift */,
				94175AF476086CA92FD0AFF0 /* ItemRowView.swift */,
				D73B588D73B17309CFBC520C /* TagChipView.swift */,
			);
			path = Components;
			sourceTree = "<group>";
		};
		35E1ECCC1AB9F28DA34EC3B2 /* Sources */ = {
			isa = PBXGroup;
			children = (
				CD7D81D6A5188450DBE9DAD3 /* Core */,
			);
			path = Sources;
			sourceTree = "<group>";
		};
		3FC851BD63FCEB71935DAE45 /* ViewModels */ = {
			isa = PBXGroup;
			children = (
				94FD86F2DFEE5B04B2DEC947 /* AppState.swift */,
			);
			path = ViewModels;
			sourceTree = "<group>";
		};
		4A01A5F50FCD05C14F6D4F62 /* Views */ = {
			isa = PBXGroup;
			children = (
				A76AB45A9DA3B25D8602FBB1 /* AddSavedViewSheet.swift */,
				CAFE0000000000000000C003 /* Chat */,
				4D64EA52A4DCB2A9BEBD0EFB /* ContentView.swift */,
				14799CC08A598F22E5E188E7 /* ItemDetailView.swift */,
				86DDB9DC68CB58B639242F91 /* ItemListView.swift */,
				E8AE727A7993E82D1D7D7F89 /* ListTypeDetailView.swift */,
				A16F4CC67D5A90B19BA77438 /* LLMSettingsView.swift */,
				CAFE0000000000000000F012 /* NotesBrowserView.swift */,
				9C6090889E5BD439B99D1145 /* SettingsView.swift */,
			);
			path = Views;
			sourceTree = "<group>";
		};
		4E4BDFF226784BDA92D26FA3 /* ListApp */ = {
			isa = PBXGroup;
			children = (
				9F6BD350797F8512171DCE11 /* Assets.xcassets */,
				4F657F9AA6B823FEF528A0D5 /* ListApp.entitlements */,
				37D48ECD8E9523FE66FB9C7F /* PrivacyInfo.xcprivacy */,
				E2FFCB902C6F09396D3D7A74 /* App */,
				355ED5C15E8B7718E0E7FCEB /* Components */,
				581C6CCFFFC15B9DA7AACD5B /* Services */,
				3FC851BD63FCEB71935DAE45 /* ViewModels */,
				4A01A5F50FCD05C14F6D4F62 /* Views */,
			);
			path = ListApp;
			sourceTree = "<group>";
		};
		52A9481823D6DFA83A67A6DD /* Models */ = {
			isa = PBXGroup;
			children = (
				CAFE0000000000000000F002 /* ChatMessage.swift */,
				4207785BC931F679C5B0A49D /* Item.swift */,
				7A15E08B8474900A5995A64F /* ListType.swift */,
				758E6F984249740C47FDC9CC /* LLMSettings.swift */,
				CF72225D23F24288998B8630 /* NoteEdit.swift */,
				CAFE0000000000000000F001 /* NoteRef.swift */,
				EC6379FC2ABB5382BAC2211B /* PropertyValue.swift */,
				12767BBCE418EF54AEFDCB6E /* View.swift */,
			);
			path = Models;
			sourceTree = "<group>";
		};
		581C6CCFFFC15B9DA7AACD5B /* Services */ = {
			isa = PBXGroup;
			children = (
				CAFE0000000000000000F013 /* AppNoteCreator.swift */,
				CAFE0000000000000000F014 /* AttachmentProcessor.swift */,
				2F03BAA307C6CA3791752845 /* FileSystemManager.swift */,
			);
			path = Services;
			sourceTree = "<group>";
		};
		6CB2CD7F8512C179A4B57791 = {
			isa = PBXGroup;
			children = (
				4E4BDFF226784BDA92D26FA3 /* ListApp */,
				35E1ECCC1AB9F28DA34EC3B2 /* Sources */,
				0B7B8D79729BFA3F9B6380C7 /* Products */,
			);
			sourceTree = "<group>";
		};
		820D299BB04DB3FC4A8BE53D /* Business */ = {
			isa = PBXGroup;
			children = (
				DA01D9EAC2BC3C7BCE23AA11 /* FilterEngine.swift */,
				D91FC7B866049A9B142681E7 /* RelativeDateParser.swift */,
				46D6D94061325CF1B939E286 /* SearchEngine.swift */,
				926ECAC1EABA626C9BDC6520 /* TagHierarchy.swift */,
				7569AB676721CE355FB7DFFA /* ViewManager.swift */,
			);
			path = Business;
			sourceTree = "<group>";
		};
		A1157D925BF2A1FA2653ABAA /* Parsers */ = {
			isa = PBXGroup;
			children = (
				8538CAF531748EA646484D9A /* MarkdownParser.swift */,
				77DFEFB07011F2A98AAF8924 /* YAMLParser.swift */,
			);
			path = Parsers;
			sourceTree = "<group>";
		};
		CD7D81D6A5188450DBE9DAD3 /* Core */ = {
			isa = PBXGroup;
			children = (
				CA43CB3790ED75C37ADBDFA5 /* Core.swift */,
				CB0CFB041A5A8834B0E18FCD /* MockData.swift */,
				820D299BB04DB3FC4A8BE53D /* Business */,
				CAFE0000000000000000C001 /* Chat */,
				06F990AB32147CF648ECAC51 /* CLI */,
				F0EDD9BDEFB3A1CE3F986B58 /* FileSystem */,
				CAFE0000000000000000C002 /* Index */,
				52A9481823D6DFA83A67A6DD /* Models */,
				A1157D925BF2A1FA2653ABAA /* Parsers */,
				08EB83D285ABABA5F23553E1 /* Services */,
				CC33A033B033C033D033E077 /* State */,
			);
			path = Core;
			sourceTree = "<group>";
		};
		CC33A033B033C033D033E077 /* State */ = {
			isa = PBXGroup;
			children = (
				BB22A022B022C022D022E088 /* AppStateLogic.swift */,
			);
			path = State;
			sourceTree = "<group>";
		};
		E2FFCB902C6F09396D3D7A74 /* App */ = {
			isa = PBXGroup;
			children = (
				B33CAD533C94A0E09061017B /* ListAppApp.swift */,
			);
			path = App;
			sourceTree = "<group>";
		};
		F0EDD9BDEFB3A1CE3F986B58 /* FileSystem */ = {
			isa = PBXGroup;
			children = (
				138AC2A36890C0D54C73DFE3 /* FileScanner.swift */,
				173C171118937FC122082954 /* FileSystemManager.swift */,
			);
			path = FileSystem;
			sourceTree = "<group>";
		};
		CAFE0000000000000000C001 /* Chat */ = {
			isa = PBXGroup;
			children = (
				CAFE0000000000000000F00A /* ChatAgent.swift */,
				CAFE0000000000000000F00D /* ChatPromptBuilder.swift */,
				CAFE0000000000000000F00C /* ChatToolRunner.swift */,
				CAFE0000000000000000F00B /* ChatTools.swift */,
			);
			path = Chat;
			sourceTree = "<group>";
		};
		CAFE0000000000000000C002 /* Index */ = {
			isa = PBXGroup;
			children = (
				CAFE0000000000000000F006 /* Chunker.swift */,
				CAFE0000000000000000F007 /* EmbeddingService.swift */,
				CAFE0000000000000000F008 /* NoteIndex.swift */,
				CAFE0000000000000000F009 /* NoteIndexer.swift */,
			);
			path = Index;
			sourceTree = "<group>";
		};
		CAFE0000000000000000C003 /* Chat */ = {
			isa = PBXGroup;
			children = (
				CAFE0000000000000000F00F /* ChatMessageRow.swift */,
				CAFE0000000000000000F010 /* ChatViewModel.swift */,
				CAFE0000000000000000F00E /* ChatView.swift */,
				CAFE0000000000000000F011 /* CitationChip.swift */,
			);
			path = Chat;
			sourceTree = "<group>";
		};
/* End PBXGroup section */

/* Begin PBXNativeTarget section */
		168EA85B830D619984958749 /* Core */ = {
			isa = PBXNativeTarget;
			buildConfigurationList = 4DD4C26E54D3E17C90EFCC5F /* Build configuration list for PBXNativeTarget "Core" */;
			buildPhases = (
				14553F33842D914E57B9A875 /* Sources */,
			);
			buildRules = (
			);
			dependencies = (
			);
			name = Core;
			packageProductDependencies = (
			);
			productName = Core;
			productReference = 26722153A1EE1CEC3628BD83 /* Core.framework */;
			productType = "com.apple.product-type.framework";
		};
		662DC415FB361D2C7A869B8D /* ListApp */ = {
			isa = PBXNativeTarget;
			buildConfigurationList = 87D46688277A10A998930E01 /* Build configuration list for PBXNativeTarget "ListApp" */;
			buildPhases = (
				25D257CFA1E289910187E998 /* Sources */,
				A240EDC016776080D040B4BC /* Resources */,
				0BB9FD0C55DDE8BF869E99F2 /* Frameworks */,
				E92EF7369BDAE93829D17420 /* Embed Frameworks */,
			);
			buildRules = (
			);
			dependencies = (
				B647FCD349FA34DDC8BC4D69 /* PBXTargetDependency */,
			);
			name = ListApp;
			packageProductDependencies = (
			);
			productName = ListApp;
			productReference = 5D032F11B032D1244BA1FD6B /* Lijster.app */;
			productType = "com.apple.product-type.application";
		};
/* End PBXNativeTarget section */

/* Begin PBXProject section */
		0996159BE300823BF4730A1D /* Project object */ = {
			isa = PBXProject;
			attributes = {
				BuildIndependentTargetsInParallel = YES;
				LastUpgradeCheck = 1540;
			};
			buildConfigurationList = BF3DAF1E138C348D3A7D9B17 /* Build configuration list for PBXProject "ListApp" */;
			developmentRegion = en;
			hasScannedForEncodings = 0;
			knownRegions = (
				Base,
				en,
			);
			mainGroup = 6CB2CD7F8512C179A4B57791;
			minimizedProjectReferenceProxies = 1;
			preferredProjectObjectVersion = 77;
			productRefGroup = 0B7B8D79729BFA3F9B6380C7 /* Products */;
			projectDirPath = "";
			projectRoot = "";
			targets = (
				168EA85B830D619984958749 /* Core */,
				662DC415FB361D2C7A869B8D /* ListApp */,
			);
		};
/* End PBXProject section */

/* Begin PBXResourcesBuildPhase section */
		A240EDC016776080D040B4BC /* Resources */ = {
			isa = PBXResourcesBuildPhase;
			buildActionMask = 2147483647;
			files = (
				FEA02974CA822281B5FFF09B /* Assets.xcassets in Resources */,
				FB378AF6414D0F7FAECE7DAD /* PrivacyInfo.xcprivacy in Resources */,
			);
			runOnlyForDeploymentPostprocessing = 0;
		};
/* End PBXResourcesBuildPhase section */

/* Begin PBXSourcesBuildPhase section */
		14553F33842D914E57B9A875 /* Sources */ = {
			isa = PBXSourcesBuildPhase;
			buildActionMask = 2147483647;
			files = (
				6119CFADE6854A9EA0FD8DA7 /* AppleIntelligenceService.swift in Sources */,
				AA11B011C011D011E011F099 /* AppStateLogic.swift in Sources */,
				89AEB55A990C4F7BA8D08555 /* Core.swift in Sources */,
				0EE0040DE4363B0550809F99 /* FileScanner.swift in Sources */,
				6515008C2767CC1B95D988C5 /* FileSystemManager.swift in Sources */,
				2843008E6E334D1B89249268 /* FilterEngine.swift in Sources */,
				A5EC2C2A7A932BB2C18FFDF0 /* Item.swift in Sources */,
				23D57786CDF654BA8CC8CDBD /* LLMService.swift in Sources */,
				808BA861A11C54867C8B4C0E /* LLMSettings.swift in Sources */,
				A5BB98C1ACE3BCA98603F924 /* ListAppCLI.swift in Sources */,
				F11C81EAB1754AE3D369F5AD /* ListType.swift in Sources */,
				D7E9FCD684C0AC7820AD8D7A /* MarkdownParser.swift in Sources */,
				8C2776BE3B5C433CFB172EF9 /* MockData.swift in Sources */,
				93B561ECC5D9A551F01BB7C9 /* NoteResponseParser.swift in Sources */,
				7F8A5914543C465489DA1742 /* NoteEdit.swift in Sources */,
				78DF379772470C8E60BB6E5E /* PromptBuilder.swift in Sources */,
				77B277CBACF9C6E2EB8BC950 /* PropertyValue.swift in Sources */,
				E3A501279DBF216F1B8C690F /* RelativeDateParser.swift in Sources */,
				5567DB104A3FBE0FC565A0B0 /* SearchEngine.swift in Sources */,
				827B02A375EC2FF9C1A1B533 /* TagHierarchy.swift in Sources */,
				B01B181C0A0A60AEC46976F5 /* View.swift in Sources */,
				371C283C9DDF49FB09357780 /* ViewManager.swift in Sources */,
				6B11344F06775C7CCE05C34A /* WebContentFetcher.swift in Sources */,
				DD33EE44FF55CC66BB77AA22 /* URLSession+LinuxAsync.swift in Sources */,
				68B24A985CE906D46AFF565E /* YAMLParser.swift in Sources */,
				CAFE0000000000000000B001 /* NoteRef.swift in Sources */,
				CAFE0000000000000000B002 /* ChatMessage.swift in Sources */,
				CAFE0000000000000000B003 /* LLMProvider.swift in Sources */,
				CAFE0000000000000000B004 /* OpenAIProvider.swift in Sources */,
				CAFE0000000000000000B005 /* AppleIntelligenceProvider.swift in Sources */,
				CAFE0000000000000000B006 /* Chunker.swift in Sources */,
				CAFE0000000000000000B007 /* EmbeddingService.swift in Sources */,
				CAFE0000000000000000B008 /* NoteIndex.swift in Sources */,
				CAFE0000000000000000B009 /* NoteIndexer.swift in Sources */,
				CAFE0000000000000000B00A /* ChatAgent.swift in Sources */,
				CAFE0000000000000000B00B /* ChatTools.swift in Sources */,
				CAFE0000000000000000B00C /* ChatToolRunner.swift in Sources */,
				CAFE0000000000000000B00D /* ChatPromptBuilder.swift in Sources */,
			);
			runOnlyForDeploymentPostprocessing = 0;
		};
		25D257CFA1E289910187E998 /* Sources */ = {
			isa = PBXSourcesBuildPhase;
			buildActionMask = 2147483647;
			files = (
				F88D77A17B05430FF89C772F /* AddSavedViewSheet.swift in Sources */,
				AF3AC56725BCE48A7FF84094 /* AppState.swift in Sources */,
				35FC505CFB01ABF7988FFBE7 /* ContentView.swift in Sources */,
				839A75AEBC4C728B05D0C912 /* FileSystemManager.swift in Sources */,
				4B6B0A407BF82312A7E37934 /* FlowLayout.swift in Sources */,
				D8581AF4CC3B2828525E44BB /* ItemDetailView.swift in Sources */,
				C392F6A19A7A7BFD8922DB5D /* ItemListView.swift in Sources */,
				0E8B5A39CC95ED426CACBCC4 /* ItemRowView.swift in Sources */,
				8B3C4B6EDB5A27DEFD3CD19C /* LLMSettingsView.swift in Sources */,
				BA8FD154C22FA3410E6A1CA5 /* ListAppApp.swift in Sources */,
				BCA8E44FC0A3F0E1C8A552E5 /* ListTypeDetailView.swift in Sources */,
				836341284186D95A587A04AA /* SettingsView.swift in Sources */,
				98D1C9BE60144E02CAB2B1ED /* TagChipView.swift in Sources */,
				CAFE0000000000000000B00E /* ChatView.swift in Sources */,
				CAFE0000000000000000B00F /* ChatMessageRow.swift in Sources */,
				CAFE0000000000000000B010 /* ChatViewModel.swift in Sources */,
				CAFE0000000000000000B011 /* CitationChip.swift in Sources */,
				CAFE0000000000000000B012 /* NotesBrowserView.swift in Sources */,
				CAFE0000000000000000B013 /* AppNoteCreator.swift in Sources */,
				CAFE0000000000000000B014 /* AttachmentProcessor.swift in Sources */,
			);
			runOnlyForDeploymentPostprocessing = 0;
		};
/* End PBXSourcesBuildPhase section */

/* Begin PBXTargetDependency section */
		B647FCD349FA34DDC8BC4D69 /* PBXTargetDependency */ = {
			isa = PBXTargetDependency;
			target = 168EA85B830D619984958749 /* Core */;
			targetProxy = EDCF1072AA9568A2FD77A4C2 /* PBXContainerItemProxy */;
		};
/* End PBXTargetDependency section */

/* Begin XCBuildConfiguration section */
		19E3335214387FE0D8A1866B /* Debug */ = {
			isa = XCBuildConfiguration;
			buildSettings = {
				CODE_SIGN_IDENTITY = "";
				CURRENT_PROJECT_VERSION = 1;
				DEFINES_MODULE = YES;
				DYLIB_COMPATIBILITY_VERSION = 1;
				DYLIB_CURRENT_VERSION = 1;
				DYLIB_INSTALL_NAME_BASE = "@rpath";
				GENERATE_INFOPLIST_FILE = YES;
				INSTALL_PATH = "$(LOCAL_LIBRARY_DIR)/Frameworks";
				IPHONEOS_DEPLOYMENT_TARGET = 26.0;
				LD_RUNPATH_SEARCH_PATHS = (
					"$(inherited)",
					"@executable_path/Frameworks",
				);
				MARKETING_VERSION = 1.0;
				PRODUCT_BUNDLE_IDENTIFIER = com.bart.Core;
				PRODUCT_NAME = Core;
				SDKROOT = iphoneos;
				SKIP_INSTALL = YES;
				SWIFT_VERSION = 5.9;
				TARGETED_DEVICE_FAMILY = "1,2";
				VERSIONING_SYSTEM = "apple-generic";
			};
			name = Debug;
		};
		27FBC73118AF8CF4603068DA /* Release */ = {
			isa = XCBuildConfiguration;
			buildSettings = {
				ALWAYS_EMBED_SWIFT_STANDARD_LIBRARIES = YES;
				ASSETCATALOG_COMPILER_APPICON_NAME = AppIcon;
				CODE_SIGN_ENTITLEMENTS = ListApp/ListApp.entitlements;
				CODE_SIGN_IDENTITY = "Apple Development";
				CODE_SIGN_STYLE = Automatic;
				CURRENT_PROJECT_VERSION = 1;
				DEVELOPMENT_TEAM = S43L28SVX2;
				INFOPLIST_FILE = ListApp/Info.plist;
				IPHONEOS_DEPLOYMENT_TARGET = 26.0;
				LD_RUNPATH_SEARCH_PATHS = (
					"$(inherited)",
					"@executable_path/Frameworks",
				);
				MARKETING_VERSION = 1.0;
				PRODUCT_BUNDLE_IDENTIFIER = com.bvanriessen.lijster;
				PRODUCT_NAME = Lijster;
				PROVISIONING_PROFILE_SPECIFIER = "";
				SDKROOT = iphoneos;
				SWIFT_VERSION = 5.9;
				TARGETED_DEVICE_FAMILY = "1,2";
			};
			name = Release;
		};
		383EF8ED34EE08C0A8DB8B67 /* Release */ = {
			isa = XCBuildConfiguration;
			buildSettings = {
				CODE_SIGN_IDENTITY = "";
				CURRENT_PROJECT_VERSION = 1;
				DEFINES_MODULE = YES;
				DYLIB_COMPATIBILITY_VERSION = 1;
				DYLIB_CURRENT_VERSION = 1;
				DYLIB_INSTALL_NAME_BASE = "@rpath";
				GENERATE_INFOPLIST_FILE = YES;
				INSTALL_PATH = "$(LOCAL_LIBRARY_DIR)/Frameworks";
				IPHONEOS_DEPLOYMENT_TARGET = 26.0;
				LD_RUNPATH_SEARCH_PATHS = (
					"$(inherited)",
					"@executable_path/Frameworks",
				);
				MARKETING_VERSION = 1.0;
				PRODUCT_BUNDLE_IDENTIFIER = com.bart.Core;
				PRODUCT_NAME = Core;
				SDKROOT = iphoneos;
				SKIP_INSTALL = YES;
				SWIFT_VERSION = 5.9;
				TARGETED_DEVICE_FAMILY = "1,2";
				VERSIONING_SYSTEM = "apple-generic";
			};
			name = Release;
		};
		4FFF7E2C8B27689F29917AC2 /* Debug */ = {
			isa = XCBuildConfiguration;
			buildSettings = {
				ALWAYS_EMBED_SWIFT_STANDARD_LIBRARIES = YES;
				ASSETCATALOG_COMPILER_APPICON_NAME = AppIcon;
				CODE_SIGN_ENTITLEMENTS = ListApp/ListApp.entitlements;
				CODE_SIGN_IDENTITY = "Apple Development";
				CODE_SIGN_STYLE = Automatic;
				CURRENT_PROJECT_VERSION = 1;
				DEVELOPMENT_TEAM = S43L28SVX2;
				INFOPLIST_FILE = ListApp/Info.plist;
				IPHONEOS_DEPLOYMENT_TARGET = 26.0;
				LD_RUNPATH_SEARCH_PATHS = (
					"$(inherited)",
					"@executable_path/Frameworks",
				);
				MARKETING_VERSION = 1.0;
				PRODUCT_BUNDLE_IDENTIFIER = com.bvanriessen.lijster;
				PRODUCT_NAME = Lijster;
				PROVISIONING_PROFILE_SPECIFIER = "";
				SDKROOT = iphoneos;
				SWIFT_VERSION = 5.9;
				TARGETED_DEVICE_FAMILY = "1,2";
			};
			name = Debug;
		};
		AEC371D662A8411836104285 /* Release */ = {
			isa = XCBuildConfiguration;
			buildSettings = {
				ALWAYS_SEARCH_USER_PATHS = NO;
				CLANG_ANALYZER_NONNULL = YES;
				CLANG_ANALYZER_NUMBER_OBJECT_CONVERSION = YES_AGGRESSIVE;
				CLANG_CXX_LANGUAGE_STANDARD = "gnu++14";
				CLANG_CXX_LIBRARY = "libc++";
				CLANG_ENABLE_MODULES = YES;
				CLANG_ENABLE_OBJC_ARC = YES;
				CLANG_ENABLE_OBJC_WEAK = YES;
				CLANG_WARN_BLOCK_CAPTURE_AUTORELEASING = YES;
				CLANG_WARN_BOOL_CONVERSION = YES;
				CLANG_WARN_COMMA = YES;
				CLANG_WARN_CONSTANT_CONVERSION = YES;
				CLANG_WARN_DEPRECATED_OBJC_IMPLEMENTATIONS = YES;
				CLANG_WARN_DIRECT_OBJC_ISA_USAGE = YES_ERROR;
				CLANG_WARN_DOCUMENTATION_COMMENTS = YES;
				CLANG_WARN_EMPTY_BODY = YES;
				CLANG_WARN_ENUM_CONVERSION = YES;
				CLANG_WARN_INFINITE_RECURSION = YES;
				CLANG_WARN_INT_CONVERSION = YES;
				CLANG_WARN_NON_LITERAL_NULL_CONVERSION = YES;
				CLANG_WARN_OBJC_IMPLICIT_RETAIN_SELF = YES;
				CLANG_WARN_OBJC_LITERAL_CONVERSION = YES;
				CLANG_WARN_OBJC_ROOT_CLASS = YES_ERROR;
				CLANG_WARN_QUOTED_INCLUDE_IN_FRAMEWORK_HEADER = YES;
				CLANG_WARN_RANGE_LOOP_ANALYSIS = YES;
				CLANG_WARN_STRICT_PROTOTYPES = YES;
				CLANG_WARN_SUSPICIOUS_MOVE = YES;
				CLANG_WARN_UNGUARDED_AVAILABILITY = YES_AGGRESSIVE;
				CLANG_WARN_UNREACHABLE_CODE = YES;
				CLANG_WARN__DUPLICATE_METHOD_MATCH = YES;
				COPY_PHASE_STRIP = NO;
				DEBUG_INFORMATION_FORMAT = "dwarf-with-dsym";
				ENABLE_NS_ASSERTIONS = NO;
				ENABLE_STRICT_OBJC_MSGSEND = YES;
				GCC_C_LANGUAGE_STANDARD = gnu11;
				GCC_NO_COMMON_BLOCKS = YES;
				GCC_WARN_64_TO_32_BIT_CONVERSION = YES;
				GCC_WARN_ABOUT_RETURN_TYPE = YES_ERROR;
				GCC_WARN_UNDECLARED_SELECTOR = YES;
				GCC_WARN_UNINITIALIZED_AUTOS = YES_AGGRESSIVE;
				GCC_WARN_UNUSED_FUNCTION = YES;
				GCC_WARN_UNUSED_VARIABLE = YES;
				IPHONEOS_DEPLOYMENT_TARGET = 26.0;
				MTL_ENABLE_DEBUG_INFO = NO;
				MTL_FAST_MATH = YES;
				PRODUCT_NAME = "$(TARGET_NAME)";
				SDKROOT = iphoneos;
				SWIFT_COMPILATION_MODE = wholemodule;
				SWIFT_OPTIMIZATION_LEVEL = "-O";
				SWIFT_VERSION = 5.0;
			};
			name = Release;
		};
		CEAB8A2D5A8B510BCA69C6CD /* Debug */ = {
			isa = XCBuildConfiguration;
			buildSettings = {
				ALWAYS_SEARCH_USER_PATHS = NO;
				CLANG_ANALYZER_NONNULL = YES;
				CLANG_ANALYZER_NUMBER_OBJECT_CONVERSION = YES_AGGRESSIVE;
				CLANG_CXX_LANGUAGE_STANDARD = "gnu++14";
				CLANG_CXX_LIBRARY = "libc++";
				CLANG_ENABLE_MODULES = YES;
				CLANG_ENABLE_OBJC_ARC = YES;
				CLANG_ENABLE_OBJC_WEAK = YES;
				CLANG_WARN_BLOCK_CAPTURE_AUTORELEASING = YES;
				CLANG_WARN_BOOL_CONVERSION = YES;
				CLANG_WARN_COMMA = YES;
				CLANG_WARN_CONSTANT_CONVERSION = YES;
				CLANG_WARN_DEPRECATED_OBJC_IMPLEMENTATIONS = YES;
				CLANG_WARN_DIRECT_OBJC_ISA_USAGE = YES_ERROR;
				CLANG_WARN_DOCUMENTATION_COMMENTS = YES;
				CLANG_WARN_EMPTY_BODY = YES;
				CLANG_WARN_ENUM_CONVERSION = YES;
				CLANG_WARN_INFINITE_RECURSION = YES;
				CLANG_WARN_INT_CONVERSION = YES;
				CLANG_WARN_NON_LITERAL_NULL_CONVERSION = YES;
				CLANG_WARN_OBJC_IMPLICIT_RETAIN_SELF = YES;
				CLANG_WARN_OBJC_LITERAL_CONVERSION = YES;
				CLANG_WARN_OBJC_ROOT_CLASS = YES_ERROR;
				CLANG_WARN_QUOTED_INCLUDE_IN_FRAMEWORK_HEADER = YES;
				CLANG_WARN_RANGE_LOOP_ANALYSIS = YES;
				CLANG_WARN_STRICT_PROTOTYPES = YES;
				CLANG_WARN_SUSPICIOUS_MOVE = YES;
				CLANG_WARN_UNGUARDED_AVAILABILITY = YES_AGGRESSIVE;
				CLANG_WARN_UNREACHABLE_CODE = YES;
				CLANG_WARN__DUPLICATE_METHOD_MATCH = YES;
				COPY_PHASE_STRIP = NO;
				DEBUG_INFORMATION_FORMAT = dwarf;
				ENABLE_STRICT_OBJC_MSGSEND = YES;
				ENABLE_TESTABILITY = YES;
				GCC_C_LANGUAGE_STANDARD = gnu11;
				GCC_DYNAMIC_NO_PIC = NO;
				GCC_NO_COMMON_BLOCKS = YES;
				GCC_OPTIMIZATION_LEVEL = 0;
				GCC_PREPROCESSOR_DEFINITIONS = (
					"$(inherited)",
					"DEBUG=1",
				);
				GCC_WARN_64_TO_32_BIT_CONVERSION = YES;
				GCC_WARN_ABOUT_RETURN_TYPE = YES_ERROR;
				GCC_WARN_UNDECLARED_SELECTOR = YES;
				GCC_WARN_UNINITIALIZED_AUTOS = YES_AGGRESSIVE;
				GCC_WARN_UNUSED_FUNCTION = YES;
				GCC_WARN_UNUSED_VARIABLE = YES;
				IPHONEOS_DEPLOYMENT_TARGET = 26.0;
				MTL_ENABLE_DEBUG_INFO = INCLUDE_SOURCE;
				MTL_FAST_MATH = YES;
				ONLY_ACTIVE_ARCH = YES;
				PRODUCT_NAME = "$(TARGET_NAME)";
				SDKROOT = iphoneos;
				SWIFT_ACTIVE_COMPILATION_CONDITIONS = DEBUG;
				SWIFT_OPTIMIZATION_LEVEL = "-Onone";
				SWIFT_VERSION = 5.0;
			};
			name = Debug;
		};
/* End XCBuildConfiguration section */

/* Begin XCConfigurationList section */
		4DD4C26E54D3E17C90EFCC5F /* Build configuration list for PBXNativeTarget "Core" */ = {
			isa = XCConfigurationList;
			buildConfigurations = (
				19E3335214387FE0D8A1866B /* Debug */,
				383EF8ED34EE08C0A8DB8B67 /* Release */,
			);
			defaultConfigurationIsVisible = 0;
			defaultConfigurationName = Debug;
		};
		87D46688277A10A998930E01 /* Build configuration list for PBXNativeTarget "ListApp" */ = {
			isa = XCConfigurationList;
			buildConfigurations = (
				4FFF7E2C8B27689F29917AC2 /* Debug */,
				27FBC73118AF8CF4603068DA /* Release */,
			);
			defaultConfigurationIsVisible = 0;
			defaultConfigurationName = Debug;
		};
		BF3DAF1E138C348D3A7D9B17 /* Build configuration list for PBXProject "ListApp" */ = {
			isa = XCConfigurationList;
			buildConfigurations = (
				CEAB8A2D5A8B510BCA69C6CD /* Debug */,
				AEC371D662A8411836104285 /* Release */,
			);
			defaultConfigurationIsVisible = 0;
			defaultConfigurationName = Debug;
		};
/* End XCConfigurationList section */
	};
	rootObject = 0996159BE300823BF4730A1D /* Project object */;
}
